# THIS IS AN AUTOGENERATED FILE. DO NOT EDIT THIS FILE DIRECTLY.
# yarn lockfile v1


bootstrap-icons@^1.9.0:
  version "1.9.0"
  resolved "https://registry.yarnpkg.com/bootstrap-icons/-/bootstrap-icons-1.9.0.tgz#e0ac54e931f674b3268e3921e53c34aeae7ac224"
  integrity sha512-4S077UbfqHtNOIKc43SDR+EL43zfo7ou8jI5+JRQqGZuq5UOK6iX6FtFNOQ/WjeWJ09CZ0/kSceh+WWPzfMfVQ==

bootstrap@^5.2.0:
  version "5.2.0"
  resolved "https://registry.yarnpkg.com/bootstrap/-/bootstrap-5.2.0.tgz#838727fb60f1630db370fe57c63cbcf2962bb3d3"
  integrity sha512-qlnS9GL6YZE6Wnef46GxGv1UpGGzAwO0aPL1yOjzDIJpeApeMvqV24iL+pjr2kU4dduoBA9fINKWKgMToobx9A==
